{
    "_readme": [
        "This file locks the dependencies of your project to a known state",
        "Read more about it at https://getcomposer.org/doc/01-basic-usage.md#installing-dependencies",
        "This file is @generated automatically"
    ],
    "content-hash": "553a2795c0c0760494455752fa02b962",
    "packages": [
        {
            "name": "makeitworkpress/wp-components",
            "version": "dev-master",
            "source": {
                "type": "git",
                "url": "https://github.com/makeitworkpress/wp-components.git",
                "reference": "dd526df5e974373fcff1a3b0936b246469218231"
            },
            "dist": {
                "type": "zip",
                "url": "https://api.github.com/repos/makeitworkpress/wp-components/zipball/dd526df5e974373fcff1a3b0936b246469218231",
                "reference": "dd526df5e974373fcff1a3b0936b246469218231",
                "shasum": ""
            },
            "require": {
                "php": ">=5.3"
            },
            "default-branch": true,
            "type": "library",
            "autoload": {
                "psr-4": {
                    "MakeitWorkPress\\WP_Components\\": "src"
                }
            },
            "license": [
                "GPL"
            ],
            "authors": [
                {
                    "name": "Michiel Tramper",
                    "email": "michiel@makeitworkpress.com",
                    "homepage": "https://www.makeitworkpress.com"
                }
            ],
            "description": "WP Components contains a wide selection of common elements that can be found on WordPress websites and can be used to speed up development.",
            "homepage": "https://github.com/makeitworkpress/wp-components",
            "support": {
                "source": "https://github.com/makeitworkpress/wp-components/tree/master",
                "issues": "https://github.com/makeitworkpress/wp-components/issues"
            },
            "time": "2021-07-07T12:42:05+00:00"
        },
        {
            "name": "makeitworkpress/wp-config",
            "version": "dev-master",
            "source": {
                "type": "git",
                "url": "https://github.com/makeitworkpress/wp-config.git",
                "reference": "378243f8819d67afa21e3c068932f1e4836ec8e7"
            },
            "dist": {
                "type": "zip",
                "url": "https://api.github.com/repos/makeitworkpress/wp-config/zipball/378243f8819d67afa21e3c068932f1e4836ec8e7",
                "reference": "378243f8819d67afa21e3c068932f1e4836ec8e7",
                "shasum": ""
            },
            "require": {
                "php": ">=5.3"
            },
            "default-branch": true,
            "type": "library",
            "autoload": {
                "psr-4": {
                    "MakeitWorkPress\\WP_Config\\": "src"
                }
            },
            "license": [
                "GPL"
            ],
            "authors": [
                {
                    "name": "Michiel Tramper",
                    "email": "michiel@makeitworkpress.com",
                    "homepage": "https://www.makeitworkpress.com"
                }
            ],
            "description": "This class makes it easy to have multidimensional configurations which are editable.",
            "homepage": "https://github.com/makeitworkpress/wp-config",
            "support": {
                "source": "https://github.com/makeitworkpress/wp-config/tree/master",
                "issues": "https://github.com/makeitworkpress/wp-config/issues"
            },
            "time": "2019-11-01T15:40:15+00:00"
        },
        {
            "name": "makeitworkpress/wp-custom-fields",
            "version": "dev-master",
            "source": {
                "type": "git",
                "url": "https://github.com/makeitworkpress/wp-custom-fields.git",
                "reference": "2affbbe8ae97f26800017026d429709e21b31881"
            },
            "dist": {
                "type": "zip",
                "url": "https://api.github.com/repos/makeitworkpress/wp-custom-fields/zipball/2affbbe8ae97f26800017026d429709e21b31881",
                "reference": "2affbbe8ae97f26800017026d429709e21b31881",
                "shasum": ""
            },
            "require": {
                "php": ">=5.3"
            },
            "default-branch": true,
            "type": "library",
            "autoload": {
                "psr-4": {
                    "MakeitWorkPress\\WP_Custom_Fields\\": "src"
                }
            },
            "license": [
                "GPL"
            ],
            "authors": [
                {
                    "name": "Michiel Tramper",
                    "email": "michiel@makeitworkpress.com",
                    "homepage": "https://www.makeitworkpress.com"
                }
            ],
            "description": "WP Custom Fields allows you to add custom fields easily to options pages, post, taxonomy and usermeta and customizer fields.",
            "homepage": "https://github.com/makeitworkpress/wp-custom-fields",
            "support": {
                "source": "https://github.com/makeitworkpress/wp-custom-fields/tree/master",
                "issues": "https://github.com/makeitworkpress/wp-custom-fields/issues"
            },
            "time": "2021-05-18T09:56:02+00:00"
        },
        {
            "name": "makeitworkpress/wp-enqueue",
            "version": "dev-master",
            "source": {
                "type": "git",
                "url": "https://github.com/makeitworkpress/wp-enqueue.git",
                "reference": "e24ddb71c65d5da7009a7ece2b1a019dc850eb07"
            },
            "dist": {
                "type": "zip",
                "url": "https://api.github.com/repos/makeitworkpress/wp-enqueue/zipball/e24ddb71c65d5da7009a7ece2b1a019dc850eb07",
                "reference": "e24ddb71c65d5da7009a7ece2b1a019dc850eb07",
                "shasum": ""
            },
            "require": {
                "php": ">=5.3"
            },
            "default-branch": true,
            "type": "library",
            "autoload": {
                "psr-4": {
                    "MakeitWorkPress\\WP_Enqueue\\": "src"
                }
            },
            "license": [
                "GPL"
            ],
            "authors": [
                {
                    "name": "Michiel Tramper",
                    "email": "michiel@makeitworkpress.com",
                    "homepage": "https://www.makeitworkpress.com"
                }
            ],
            "description": "This class is a usefull wrapper for easily enqueing scripts and styles.",
            "homepage": "https://github.com/makeitworkpress/wp-enqueue",
            "support": {
                "source": "https://github.com/makeitworkpress/wp-enqueue/tree/master",
                "issues": "https://github.com/makeitworkpress/wp-enqueue/issues"
            },
            "time": "2021-05-12T14:53:03+00:00"
        },
        {
            "name": "makeitworkpress/wp-optimize",
            "version": "dev-master",
            "source": {
                "type": "git",
                "url": "https://github.com/makeitworkpress/wp-optimize.git",
                "reference": "4e2a2c191208885e205af714a8956bfe9a932106"
            },
            "dist": {
                "type": "zip",
                "url": "https://api.github.com/repos/makeitworkpress/wp-optimize/zipball/4e2a2c191208885e205af714a8956bfe9a932106",
                "reference": "4e2a2c191208885e205af714a8956bfe9a932106",
                "shasum": ""
            },
            "require": {
                "php": ">=5.3"
            },
            "default-branch": true,
            "type": "library",
            "autoload": {
                "psr-4": {
                    "MakeitWorkPress\\WP_Optimize\\": "src"
                }
            },
            "license": [
                "GPL"
            ],
            "authors": [
                {
                    "name": "Michiel Tramper",
                    "email": "michiel@makeitworkpress.com",
                    "homepage": "https://www.makeitworkpress.com"
                }
            ],
            "description": "This class stores some common optimizations which can help clean up your WordPress theme.",
            "homepage": "https://github.com/makeitworkpress/wp-optimize",
            "support": {
                "source": "https://github.com/makeitworkpress/wp-optimize/tree/master",
                "issues": "https://github.com/makeitworkpress/wp-optimize/issues"
            },
            "time": "2020-08-12T15:19:34+00:00"
        },
        {
            "name": "makeitworkpress/wp-register",
            "version": "dev-master",
            "source": {
                "type": "git",
                "url": "https://github.com/makeitworkpress/wp-register.git",
                "reference": "d56d09ce56d8ee288d32d45c5e9ebaf7a73b3522"
            },
            "dist": {
                "type": "zip",
                "url": "https://api.github.com/repos/makeitworkpress/wp-register/zipball/d56d09ce56d8ee288d32d45c5e9ebaf7a73b3522",
                "reference": "d56d09ce56d8ee288d32d45c5e9ebaf7a73b3522",
                "shasum": ""
            },
            "require": {
                "php": ">=5.3"
            },
            "default-branch": true,
            "type": "library",
            "autoload": {
                "psr-4": {
                    "MakeitWorkPress\\WP_Register\\": "src"
                }
            },
            "license": [
                "GPL"
            ],
            "authors": [
                {
                    "name": "Michiel Tramper",
                    "email": "michiel@makeitworkpress.com",
                    "homepage": "https://www.makeitworkpress.com"
                }
            ],
            "description": "This class formats common WordPress registration actions in a wrapper, so you can easily register posts, taxonomies, menus, sidebards and widgets.",
            "homepage": "https://github.com/makeitworkpress/wp-register",
            "support": {
                "source": "https://github.com/makeitworkpress/wp-register/tree/master",
                "issues": "https://github.com/makeitworkpress/wp-register/issues"
            },
            "time": "2020-08-28T13:58:10+00:00"
        },
        {
            "name": "makeitworkpress/wp-router",
            "version": "dev-master",
            "source": {
                "type": "git",
                "url": "https://github.com/makeitworkpress/wp-router.git",
                "reference": "9c430631c963e86b17b7fc959366414632ecfe07"
            },
            "dist": {
                "type": "zip",
                "url": "https://api.github.com/repos/makeitworkpress/wp-router/zipball/9c430631c963e86b17b7fc959366414632ecfe07",
                "reference": "9c430631c963e86b17b7fc959366414632ecfe07",
                "shasum": ""
            },
            "require": {
                "php": ">=5.3"
            },
            "default-branch": true,
            "type": "library",
            "autoload": {
                "psr-4": {
                    "MakeitWorkPress\\WP_Router\\": "src"
                }
            },
            "license": [
                "GPL"
            ],
            "authors": [
                {
                    "name": "Michiel Tramper",
                    "email": "michiel@makeitworkpress.com",
                    "homepage": "https://www.makeitworkpress.com"
                }
            ],
            "description": "This class allows to add basic routes for templates, extending WordPress templating capabilities.",
            "homepage": "https://github.com/makeitworkpress/wp-router",
            "support": {
                "source": "https://github.com/makeitworkpress/wp-router/tree/master",
                "issues": "https://github.com/makeitworkpress/wp-router/issues"
            },
            "time": "2020-03-13T14:11:50+00:00"
        },
        {
            "name": "makeitworkpress/wp-updater",
            "version": "dev-master",
            "source": {
                "type": "git",
                "url": "https://github.com/makeitworkpress/wp-updater.git",
                "reference": "25071e421abd240bf411289a34f982f1bd5d796c"
            },
            "dist": {
                "type": "zip",
                "url": "https://api.github.com/repos/makeitworkpress/wp-updater/zipball/25071e421abd240bf411289a34f982f1bd5d796c",
                "reference": "25071e421abd240bf411289a34f982f1bd5d796c",
                "shasum": ""
            },
            "require": {
                "php": ">=5.3"
            },
            "default-branch": true,
            "type": "library",
            "autoload": {
                "psr-4": {
                    "MakeitWorkPress\\WP_Updater\\": "src"
                }
            },
            "license": [
                "GPL"
            ],
            "authors": [
                {
                    "name": "Michiel Tramper",
                    "email": "michiel@makeitworkpress.com",
                    "homepage": "https://www.makeitworkpress.com"
                }
            ],
            "description": "Simple class to allow WordPress theme and plugin updates over Github or Gitlab",
            "homepage": "https://github.com/makeitworkpress/wp-updater",
            "support": {
                "source": "https://github.com/makeitworkpress/wp-updater/tree/master",
                "issues": "https://github.com/makeitworkpress/wp-updater/issues"
            },
            "time": "2021-05-21T09:56:34+00:00"
        }
    ],
    "packages-dev": [],
    "aliases": [],
    "minimum-stability": "stable",
    "stability-flags": {
        "makeitworkpress/wp-components": 20,
        "makeitworkpress/wp-config": 20,
        "makeitworkpress/wp-custom-fields": 20,
        "makeitworkpress/wp-enqueue": 20,
        "makeitworkpress/wp-optimize": 20,
        "makeitworkpress/wp-register": 20,
        "makeitworkpress/wp-router": 20,
        "makeitworkpress/wp-updater": 20
    },
    "prefer-stable": false,
    "prefer-lowest": false,
    "platform": {
        "php": ">=5.3"
    },
    "platform-dev": [],
    "plugin-api-version": "2.0.0"
}
