{
    "_readme": [
        "This file locks the dependencies of your project to a known state",
        "Read more about it at https://getcomposer.org/doc/01-basic-usage.md#composer-lock-the-lock-file",
        "This file is @generated automatically"
    ],
    "content-hash": "2b03bba80b05a08e2dbe1014b93784e0",
    "packages": [
        {
            "name": "divergent",
            "version": "dev-master",
            "source": {
                "type": "git",
                "url": "https://github.com/makeitworkpress/divergent-framework.git",
                "reference": "c0dc12e54f3bc8480d8c4390888b862fc7b4b0e0"
            },
            "dist": {
                "type": "zip",
                "url": "https://api.github.com/repos/makeitworkpress/divergent-framework/zipball/c0dc12e54f3bc8480d8c4390888b862fc7b4b0e0",
                "reference": "c0dc12e54f3bc8480d8c4390888b862fc7b4b0e0",
                "shasum": ""
            },
            "type": "library",
            "support": {
                "source": "https://github.com/makeitworkpress/divergent-framework/tree/master",
                "issues": "https://github.com/makeitworkpress/divergent-framework/issues"
            },
            "time": "2017-06-20T08:59:16+00:00"
        },
        {
            "name": "wp-components",
            "version": "dev-master",
            "source": {
                "type": "git",
                "url": "https://github.com/makeitworkpress/wp-components.git",
                "reference": "b6c3bcf4cac485b0b8d2ada159b35d0ca4a7ff30"
            },
            "dist": {
                "type": "zip",
                "url": "https://api.github.com/repos/makeitworkpress/wp-components/zipball/b6c3bcf4cac485b0b8d2ada159b35d0ca4a7ff30",
                "reference": "b6c3bcf4cac485b0b8d2ada159b35d0ca4a7ff30",
                "shasum": ""
            },
            "type": "library",
            "support": {
                "source": "https://github.com/makeitworkpress/wp-components/tree/master",
                "issues": "https://github.com/makeitworkpress/wp-components/issues"
            },
            "time": "2017-06-20T12:53:31+00:00"
        },
        {
            "name": "wp-enqueue",
            "version": "dev-master",
            "source": {
                "type": "git",
                "url": "https://github.com/makeitworkpress/wp-enqueue.git",
                "reference": "5f1d2dea811dd109311ec54e65109dd89e2b40c9"
            },
            "dist": {
                "type": "zip",
                "url": "https://api.github.com/repos/makeitworkpress/wp-enqueue/zipball/5f1d2dea811dd109311ec54e65109dd89e2b40c9",
                "reference": "5f1d2dea811dd109311ec54e65109dd89e2b40c9",
                "shasum": ""
            },
            "type": "library",
            "support": {
                "source": "https://github.com/makeitworkpress/wp-enqueue/tree/master",
                "issues": "https://github.com/makeitworkpress/wp-enqueue/issues"
            },
            "time": "2017-06-07T12:01:26+00:00"
        },
        {
            "name": "wp-optimize",
            "version": "dev-master",
            "source": {
                "type": "git",
                "url": "https://github.com/makeitworkpress/wp-optimize.git",
                "reference": "63591c26310e541fa38746fb1e27d8d726859cf3"
            },
            "dist": {
                "type": "zip",
                "url": "https://api.github.com/repos/makeitworkpress/wp-optimize/zipball/63591c26310e541fa38746fb1e27d8d726859cf3",
                "reference": "63591c26310e541fa38746fb1e27d8d726859cf3",
                "shasum": ""
            },
            "type": "library",
            "support": {
                "source": "https://github.com/makeitworkpress/wp-optimize/tree/master",
                "issues": "https://github.com/makeitworkpress/wp-optimize/issues"
            },
            "time": "2017-06-07T12:01:43+00:00"
        },
        {
            "name": "wp-register",
            "version": "dev-master",
            "source": {
                "type": "git",
                "url": "https://github.com/makeitworkpress/wp-register.git",
                "reference": "5ddd5a5744967c3dc8bf77f41690ff6c3d670f28"
            },
            "dist": {
                "type": "zip",
                "url": "https://api.github.com/repos/makeitworkpress/wp-register/zipball/5ddd5a5744967c3dc8bf77f41690ff6c3d670f28",
                "reference": "5ddd5a5744967c3dc8bf77f41690ff6c3d670f28",
                "shasum": ""
            },
            "type": "library",
            "support": {
                "source": "https://github.com/makeitworkpress/wp-register/tree/master",
                "issues": "https://github.com/makeitworkpress/wp-register/issues"
            },
            "time": "2017-06-13T12:24:07+00:00"
        }
    ],
    "packages-dev": [],
    "aliases": [],
    "minimum-stability": "stable",
    "stability-flags": {
        "divergent": 20,
        "wp-components": 20,
        "wp-enqueue": 20,
        "wp-optimize": 20,
        "wp-register": 20
    },
    "prefer-stable": false,
    "prefer-lowest": false,
    "platform": [],
    "platform-dev": []
}
