{
    "_readme": [
        "This file locks the dependencies of your project to a known state",
        "Read more about it at https://getcomposer.org/doc/01-basic-usage.md#installing-dependencies",
        "This file is @generated automatically"
    ],
    "content-hash": "553a2795c0c0760494455752fa02b962",
    "packages": [
        {
            "name": "makeitworkpress/wp-components",
            "version": "dev-master",
            "source": {
                "type": "git",
                "url": "https://github.com/makeitworkpress/wp-components.git",
                "reference": "2d1ce449fd2d80a986a8b673629fdc3d031f4ac5"
            },
            "dist": {
                "type": "zip",
                "url": "https://api.github.com/repos/makeitworkpress/wp-components/zipball/2d1ce449fd2d80a986a8b673629fdc3d031f4ac5",
                "reference": "2d1ce449fd2d80a986a8b673629fdc3d031f4ac5",
                "shasum": ""
            },
            "require": {
                "php": ">=5.3"
            },
            "default-branch": true,
            "type": "library",
            "autoload": {
                "psr-4": {
                    "MakeitWorkPress\\WP_Components\\": "src"
                }
            },
            "license": [
                "GPL"
            ],
            "authors": [
                {
                    "name": "Michiel Tramper",
                    "email": "michiel@makeitworkpress.com",
                    "homepage": "https://www.makeitworkpress.com"
                }
            ],
            "description": "WP Components contains a wide selection of common elements that can be found on WordPress websites and can be used to speed up development.",
            "homepage": "https://github.com/makeitworkpress/wp-components",
            "support": {
                "source": "https://github.com/makeitworkpress/wp-components/tree/master",
                "issues": "https://github.com/makeitworkpress/wp-components/issues"
            },
            "time": "2024-07-13T13:02:38+00:00"
        },
        {
            "name": "makeitworkpress/wp-config",
            "version": "dev-master",
            "source": {
                "type": "git",
                "url": "https://github.com/makeitworkpress/wp-config.git",
                "reference": "756df5cf631c8e16654306d3be3d6de538261072"
            },
            "dist": {
                "type": "zip",
                "url": "https://api.github.com/repos/makeitworkpress/wp-config/zipball/756df5cf631c8e16654306d3be3d6de538261072",
                "reference": "756df5cf631c8e16654306d3be3d6de538261072",
                "shasum": ""
            },
            "require": {
                "php": ">=5.3"
            },
            "default-branch": true,
            "type": "library",
            "autoload": {
                "psr-4": {
                    "MakeitWorkPress\\WP_Config\\": "src"
                }
            },
            "license": [
                "GPL"
            ],
            "authors": [
                {
                    "name": "Michiel Tramper",
                    "email": "michiel@makeitworkpress.com",
                    "homepage": "https://www.makeitworkpress.com"
                }
            ],
            "description": "This class makes it easy to have multidimensional configurations which are editable.",
            "homepage": "https://github.com/makeitworkpress/wp-config",
            "support": {
                "source": "https://github.com/makeitworkpress/wp-config/tree/master",
                "issues": "https://github.com/makeitworkpress/wp-config/issues"
            },
            "time": "2023-11-30T10:56:13+00:00"
        },
        {
            "name": "makeitworkpress/wp-custom-fields",
            "version": "dev-master",
            "source": {
                "type": "git",
                "url": "https://github.com/makeitworkpress/wp-custom-fields.git",
                "reference": "9ca333c9c0389434130f10d1136d6a86ff621394"
            },
            "dist": {
                "type": "zip",
                "url": "https://api.github.com/repos/makeitworkpress/wp-custom-fields/zipball/9ca333c9c0389434130f10d1136d6a86ff621394",
                "reference": "9ca333c9c0389434130f10d1136d6a86ff621394",
                "shasum": ""
            },
            "require": {
                "php": ">=5.3"
            },
            "default-branch": true,
            "type": "library",
            "autoload": {
                "psr-4": {
                    "MakeitWorkPress\\WP_Custom_Fields\\": "src"
                }
            },
            "license": [
                "GPL"
            ],
            "authors": [
                {
                    "name": "Michiel Tramper",
                    "email": "michiel@makeitworkpress.com",
                    "homepage": "https://www.makeitworkpress.com"
                }
            ],
            "description": "WP Custom Fields allows you to add custom fields easily to options pages, post, taxonomy and usermeta and customizer fields.",
            "homepage": "https://github.com/makeitworkpress/wp-custom-fields",
            "support": {
                "source": "https://github.com/makeitworkpress/wp-custom-fields/tree/master",
                "issues": "https://github.com/makeitworkpress/wp-custom-fields/issues"
            },
            "time": "2025-04-03T13:10:31+00:00"
        },
        {
            "name": "makeitworkpress/wp-enqueue",
            "version": "dev-master",
            "source": {
                "type": "git",
                "url": "https://github.com/makeitworkpress/wp-enqueue.git",
                "reference": "426f3bebc397c93db29c4714068799b35795ea3b"
            },
            "dist": {
                "type": "zip",
                "url": "https://api.github.com/repos/makeitworkpress/wp-enqueue/zipball/426f3bebc397c93db29c4714068799b35795ea3b",
                "reference": "426f3bebc397c93db29c4714068799b35795ea3b",
                "shasum": ""
            },
            "require": {
                "php": ">=5.3"
            },
            "default-branch": true,
            "type": "library",
            "autoload": {
                "psr-4": {
                    "MakeitWorkPress\\WP_Enqueue\\": "src"
                }
            },
            "license": [
                "GPL"
            ],
            "authors": [
                {
                    "name": "Michiel Tramper",
                    "email": "michiel@makeitworkpress.com",
                    "homepage": "https://www.makeitworkpress.com"
                }
            ],
            "description": "This class is a usefull wrapper for easily enqueing scripts and styles.",
            "homepage": "https://github.com/makeitworkpress/wp-enqueue",
            "support": {
                "source": "https://github.com/makeitworkpress/wp-enqueue/tree/master",
                "issues": "https://github.com/makeitworkpress/wp-enqueue/issues"
            },
            "time": "2023-11-30T10:49:24+00:00"
        },
        {
            "name": "makeitworkpress/wp-optimize",
            "version": "dev-master",
            "source": {
                "type": "git",
                "url": "https://github.com/makeitworkpress/wp-optimize.git",
                "reference": "23c28d3c2757bc4505b49b7de9c0316189c1c9cc"
            },
            "dist": {
                "type": "zip",
                "url": "https://api.github.com/repos/makeitworkpress/wp-optimize/zipball/23c28d3c2757bc4505b49b7de9c0316189c1c9cc",
                "reference": "23c28d3c2757bc4505b49b7de9c0316189c1c9cc",
                "shasum": ""
            },
            "require": {
                "php": ">=5.3"
            },
            "default-branch": true,
            "type": "library",
            "autoload": {
                "psr-4": {
                    "MakeitWorkPress\\WP_Optimize\\": "src"
                }
            },
            "license": [
                "GPL"
            ],
            "authors": [
                {
                    "name": "Michiel Tramper",
                    "email": "michiel@makeitworkpress.com",
                    "homepage": "https://www.makeitworkpress.com"
                }
            ],
            "description": "This class stores some common optimizations which can help clean up your WordPress theme.",
            "homepage": "https://github.com/makeitworkpress/wp-optimize",
            "support": {
                "source": "https://github.com/makeitworkpress/wp-optimize/tree/master",
                "issues": "https://github.com/makeitworkpress/wp-optimize/issues"
            },
            "time": "2023-11-30T10:53:34+00:00"
        },
        {
            "name": "makeitworkpress/wp-register",
            "version": "dev-master",
            "source": {
                "type": "git",
                "url": "https://github.com/makeitworkpress/wp-register.git",
                "reference": "6ea543389d338e84cb5446f679d645d7a0220614"
            },
            "dist": {
                "type": "zip",
                "url": "https://api.github.com/repos/makeitworkpress/wp-register/zipball/6ea543389d338e84cb5446f679d645d7a0220614",
                "reference": "6ea543389d338e84cb5446f679d645d7a0220614",
                "shasum": ""
            },
            "require": {
                "php": ">=5.3"
            },
            "default-branch": true,
            "type": "library",
            "autoload": {
                "psr-4": {
                    "MakeitWorkPress\\WP_Register\\": "src"
                }
            },
            "license": [
                "GPL"
            ],
            "authors": [
                {
                    "name": "Michiel Tramper",
                    "email": "michiel@makeitworkpress.com",
                    "homepage": "https://www.makeitworkpress.com"
                }
            ],
            "description": "This class formats common WordPress registration actions in a wrapper, so you can easily register posts, taxonomies, menus, sidebards and widgets.",
            "homepage": "https://github.com/makeitworkpress/wp-register",
            "support": {
                "source": "https://github.com/makeitworkpress/wp-register/tree/master",
                "issues": "https://github.com/makeitworkpress/wp-register/issues"
            },
            "time": "2023-10-26T12:35:26+00:00"
        },
        {
            "name": "makeitworkpress/wp-router",
            "version": "dev-master",
            "source": {
                "type": "git",
                "url": "https://github.com/makeitworkpress/wp-router.git",
                "reference": "57b71db6e983fc167937f5f6c7c4b8ffe4c4d16e"
            },
            "dist": {
                "type": "zip",
                "url": "https://api.github.com/repos/makeitworkpress/wp-router/zipball/57b71db6e983fc167937f5f6c7c4b8ffe4c4d16e",
                "reference": "57b71db6e983fc167937f5f6c7c4b8ffe4c4d16e",
                "shasum": ""
            },
            "require": {
                "php": ">=5.3"
            },
            "default-branch": true,
            "type": "library",
            "autoload": {
                "psr-4": {
                    "MakeitWorkPress\\WP_Router\\": "src"
                }
            },
            "license": [
                "GPL"
            ],
            "authors": [
                {
                    "name": "Michiel Tramper",
                    "email": "michiel@makeitworkpress.com",
                    "homepage": "https://www.makeitworkpress.com"
                }
            ],
            "description": "This class allows to add basic routes for templates, extending WordPress templating capabilities.",
            "homepage": "https://github.com/makeitworkpress/wp-router",
            "support": {
                "source": "https://github.com/makeitworkpress/wp-router/tree/master",
                "issues": "https://github.com/makeitworkpress/wp-router/issues"
            },
            "time": "2023-10-26T12:35:46+00:00"
        },
        {
            "name": "makeitworkpress/wp-updater",
            "version": "dev-master",
            "source": {
                "type": "git",
                "url": "https://github.com/makeitworkpress/wp-updater.git",
                "reference": "92267b5dae7538f8893b34d1551ccfa30da0bc73"
            },
            "dist": {
                "type": "zip",
                "url": "https://api.github.com/repos/makeitworkpress/wp-updater/zipball/92267b5dae7538f8893b34d1551ccfa30da0bc73",
                "reference": "92267b5dae7538f8893b34d1551ccfa30da0bc73",
                "shasum": ""
            },
            "require": {
                "php": ">=5.3"
            },
            "default-branch": true,
            "type": "library",
            "autoload": {
                "psr-4": {
                    "MakeitWorkPress\\WP_Updater\\": "src"
                }
            },
            "license": [
                "GPL"
            ],
            "authors": [
                {
                    "name": "Michiel Tramper",
                    "email": "michiel@makeitworkpress.com",
                    "homepage": "https://www.makeitworkpress.com"
                }
            ],
            "description": "Simple class to allow WordPress theme and plugin updates over Github or Gitlab",
            "homepage": "https://github.com/makeitworkpress/wp-updater",
            "support": {
                "source": "https://github.com/makeitworkpress/wp-updater/tree/master",
                "issues": "https://github.com/makeitworkpress/wp-updater/issues"
            },
            "time": "2024-09-28T08:49:32+00:00"
        }
    ],
    "packages-dev": [],
    "aliases": [],
    "minimum-stability": "stable",
    "stability-flags": {
        "makeitworkpress/wp-components": 20,
        "makeitworkpress/wp-config": 20,
        "makeitworkpress/wp-custom-fields": 20,
        "makeitworkpress/wp-enqueue": 20,
        "makeitworkpress/wp-optimize": 20,
        "makeitworkpress/wp-register": 20,
        "makeitworkpress/wp-router": 20,
        "makeitworkpress/wp-updater": 20
    },
    "prefer-stable": false,
    "prefer-lowest": false,
    "platform": {
        "php": ">=5.3"
    },
    "platform-dev": [],
    "plugin-api-version": "2.2.0"
}
